
Microsoft Visual Studio Solution File, Format Version 12.00
# Visual Studio Version 17
VisualStudioVersion = 17.9.34607.119
MinimumVisualStudioVersion = 10.0.40219.1
Project("{FAE04EC0-301F-11D3-BF4B-00C04F79EFBC}") = "WebApi", "WebApi\WebApi.csproj", "{E8A447CD-BB3C-4408-B617-8B1E6E92B5B2}"
EndProject
Global
	GlobalSection(SolutionConfigurationPlatforms) = preSolution
		Debug|Any CPU = Debug|Any CPU
		Release|Any CPU = Release|Any CPU
	EndGlobalSection
	GlobalSection(ProjectConfigurationPlatforms) = postSolution
		{E8A447CD-BB3C-4408-B617-8B1E6E92B5B2}.Debug|Any CPU.ActiveCfg = Debug|Any CPU
		{E8A447CD-BB3C-4408-B617-8B1E6E92B5B2}.Debug|Any CPU.Build.0 = Debug|Any CPU
		{E8A447CD-BB3C-4408-B617-8B1E6E92B5B2}.Release|Any CPU.ActiveCfg = Release|Any CPU
		{E8A447CD-BB3C-4408-B617-8B1E6E92B5B2}.Release|Any CPU.Build.0 = Release|Any CPU
	EndGlobalSection
	GlobalSection(SolutionProperties) = preSolution
		HideSolutionNode = FALSE
	EndGlobalSection
	GlobalSection(ExtensibilityGlobals) = postSolution
		SolutionGuid = {DCECC908-43FD-4C04-935D-8A86136E8DE4}
	EndGlobalSection
EndGlobal
